// !$*UTF8*$!
{
	archiveVersion = 1;
	classes = {
	};
	objectVersion = 56;
	objects = {

/* Begin PBXBuildFile section */
		FA21C3BC2C8DFA9500BFE805 /* AppDelegate.swift in Sources */ = {isa = PBXBuildFile; fileRef = FA21C3BB2C8DFA9500BFE805 /* AppDelegate.swift */; };
		FA21C3BE2C8DFA9500BFE805 /* SceneDelegate.swift in Sources */ = {isa = PBXBuildFile; fileRef = FA21C3BD2C8DFA9500BFE805 /* SceneDelegate.swift */; };
		FA21C3C02C8DFA9500BFE805 /* MainTabBarViewController.swift in Sources */ = {isa = PBXBuildFile; fileRef = FA21C3BF2C8DFA9500BFE805 /* MainTabBarViewController.swift */; };
		FA21C3C52C8DFA9800BFE805 /* Assets.xcassets in Resources */ = {isa = PBXBuildFile; fileRef = FA21C3C42C8DFA9800BFE805 /* Assets.xcassets */; };
		FA21C3C82C8DFA9800BFE805 /* Base in Resources */ = {isa = PBXBuildFile; fileRef = FA21C3C72C8DFA9800BFE805 /* Base */; };
		FA7240E82C8E054300F3001D /* BaseModule.swift in Sources */ = {isa = PBXBuildFile; fileRef = FA7240E72C8E054300F3001D /* BaseModule.swift */; };
		FA7240EA2C8E05FC00F3001D /* Logger.swift in Sources */ = {isa = PBXBuildFile; fileRef = FA7240E92C8E05FC00F3001D /* Logger.swift */; };
		FA7240EC2C8E064500F3001D /* AnyModule.swift in Sources */ = {isa = PBXBuildFile; fileRef = FA7240EB2C8E064500F3001D /* AnyModule.swift */; };
		FA7240EE2C8E083C00F3001D /* AnyViewInput.swift in Sources */ = {isa = PBXBuildFile; fileRef = FA7240ED2C8E083C00F3001D /* AnyViewInput.swift */; };
		FA7240F02C8E084700F3001D /* AnyViewController.swift in Sources */ = {isa = PBXBuildFile; fileRef = FA7240EF2C8E084700F3001D /* AnyViewController.swift */; };
		FA7240F22C8E085400F3001D /* AnyViewOutput.swift in Sources */ = {isa = PBXBuildFile; fileRef = FA7240F12C8E085400F3001D /* AnyViewOutput.swift */; };
		FA7240F42C8E089D00F3001D /* PresenterProvider.swift in Sources */ = {isa = PBXBuildFile; fileRef = FA7240F32C8E089D00F3001D /* PresenterProvider.swift */; };
		FA7240F62C8E08B900F3001D /* BaseViewController.swift in Sources */ = {isa = PBXBuildFile; fileRef = FA7240F52C8E08B900F3001D /* BaseViewController.swift */; };
		FA7240F82C8E08F100F3001D /* AnyInteractorInput.swift in Sources */ = {isa = PBXBuildFile; fileRef = FA7240F72C8E08F100F3001D /* AnyInteractorInput.swift */; };
		FA7240FA2C8E091800F3001D /* AnyInteractorOutput.swift in Sources */ = {isa = PBXBuildFile; fileRef = FA7240F92C8E091800F3001D /* AnyInteractorOutput.swift */; };
		FA7240FC2C8E092C00F3001D /* InteractorType.swift in Sources */ = {isa = PBXBuildFile; fileRef = FA7240FB2C8E092C00F3001D /* InteractorType.swift */; };
		FA7240FE2C8E093600F3001D /* AnyInteractor.swift in Sources */ = {isa = PBXBuildFile; fileRef = FA7240FD2C8E093600F3001D /* AnyInteractor.swift */; };
		FA7241002C8E096900F3001D /* AnyModueInput.swift in Sources */ = {isa = PBXBuildFile; fileRef = FA7240FF2C8E096900F3001D /* AnyModueInput.swift */; };
		FA7241022C8E097600F3001D /* AnyPresenter.swift in Sources */ = {isa = PBXBuildFile; fileRef = FA7241012C8E097600F3001D /* AnyPresenter.swift */; };
		FA7241042C8E098500F3001D /* RouterProvider.swift in Sources */ = {isa = PBXBuildFile; fileRef = FA7241032C8E098500F3001D /* RouterProvider.swift */; };
		FA7241062C8E098F00F3001D /* PresenterType.swift in Sources */ = {isa = PBXBuildFile; fileRef = FA7241052C8E098F00F3001D /* PresenterType.swift */; };
		FA7241082C8E09F000F3001D /* RouterType.swift in Sources */ = {isa = PBXBuildFile; fileRef = FA7241072C8E09F000F3001D /* RouterType.swift */; };
		FA72410A2C8E0A0000F3001D /* BaseRouter.swift in Sources */ = {isa = PBXBuildFile; fileRef = FA7241092C8E0A0000F3001D /* BaseRouter.swift */; };
		FA72410D2C8E0AB600F3001D /* BaseModuleAssembly.swift in Sources */ = {isa = PBXBuildFile; fileRef = FA72410C2C8E0AB600F3001D /* BaseModuleAssembly.swift */; };
		FAA85BE52C95DED100296B7F /* Alamofire in Frameworks */ = {isa = PBXBuildFile; productRef = FAA85BE42C95DED100296B7F /* Alamofire */; };
		FAA85BE82C95DF3E00296B7F /* Swinject in Frameworks */ = {isa = PBXBuildFile; productRef = FAA85BE72C95DF3E00296B7F /* Swinject */; };
		FAA85BEA2C95DF9A00296B7F /* DataResponse.swift in Sources */ = {isa = PBXBuildFile; fileRef = FAA85BE92C95DF9A00296B7F /* DataResponse.swift */; };
		FAA85BEC2C95E1CB00296B7F /* Recipe.swift in Sources */ = {isa = PBXBuildFile; fileRef = FAA85BEB2C95E1CB00296B7F /* Recipe.swift */; };
		FAA85BEF2C95E3C300296B7F /* RecipeRepository.swift in Sources */ = {isa = PBXBuildFile; fileRef = FAA85BEE2C95E3C300296B7F /* RecipeRepository.swift */; };
		FAA85BF32C95E42800296B7F /* RecipeRepositoryInput.swift in Sources */ = {isa = PBXBuildFile; fileRef = FAA85BF22C95E42800296B7F /* RecipeRepositoryInput.swift */; };
		FAC083F72C935D3D0029E622 /* HomeTabVC.swift in Sources */ = {isa = PBXBuildFile; fileRef = FAC083F62C935D3D0029E622 /* HomeTabVC.swift */; };
		FAC083F92C935DBC0029E622 /* FavouritesTabVC.swift in Sources */ = {isa = PBXBuildFile; fileRef = FAC083F82C935DBC0029E622 /* FavouritesTabVC.swift */; };
		FAC083FB2C935DE80029E622 /* NewRecipeTabVC.swift in Sources */ = {isa = PBXBuildFile; fileRef = FAC083FA2C935DE80029E622 /* NewRecipeTabVC.swift */; };
		FAC083FD2C935E4F0029E622 /* NotificationsTabVC.swift in Sources */ = {isa = PBXBuildFile; fileRef = FAC083FC2C935E4F0029E622 /* NotificationsTabVC.swift */; };
		FAC083FF2C935EA70029E622 /* AccountTabVC.swift in Sources */ = {isa = PBXBuildFile; fileRef = FAC083FE2C935EA70029E622 /* AccountTabVC.swift */; };
		FAC084022C95BEF50029E622 /* SnapKit in Frameworks */ = {isa = PBXBuildFile; productRef = FAC084012C95BEF50029E622 /* SnapKit */; };
		FAC084042C95D9FC0029E622 /* EndPointType.swift in Sources */ = {isa = PBXBuildFile; fileRef = FAC084032C95D9FC0029E622 /* EndPointType.swift */; };
		FAC084062C95DA280029E622 /* AuthorizationType.swift in Sources */ = {isa = PBXBuildFile; fileRef = FAC084052C95DA280029E622 /* AuthorizationType.swift */; };
		FAC084082C95DA670029E622 /* RequestItem.swift in Sources */ = {isa = PBXBuildFile; fileRef = FAC084072C95DA670029E622 /* RequestItem.swift */; };
		FAC0840A2C95DA820029E622 /* NetworkingProtocol.swift in Sources */ = {isa = PBXBuildFile; fileRef = FAC084092C95DA820029E622 /* NetworkingProtocol.swift */; };
		FAC0840C2C95DAA40029E622 /* Networking.swift in Sources */ = {isa = PBXBuildFile; fileRef = FAC0840B2C95DAA40029E622 /* Networking.swift */; };
		FAC0840E2C95DC6B0029E622 /* Command.swift in Sources */ = {isa = PBXBuildFile; fileRef = FAC0840D2C95DC6B0029E622 /* Command.swift */; };
		FADAFC5E2CA1E7C1004F08AB /* Poppins-ExtraBold.ttf in Resources */ = {isa = PBXBuildFile; fileRef = FADAFC5D2CA1E7C1004F08AB /* Poppins-ExtraBold.ttf */; };
		FADAFC602CA1E7F9004F08AB /* Poppins-Regular.ttf in Resources */ = {isa = PBXBuildFile; fileRef = FADAFC5F2CA1E7F9004F08AB /* Poppins-Regular.ttf */; };
		FADAFC622CA1E86A004F08AB /* Poppins-Light.ttf in Resources */ = {isa = PBXBuildFile; fileRef = FADAFC612CA1E86A004F08AB /* Poppins-Light.ttf */; };
/* End PBXBuildFile section */

/* Begin PBXFileReference section */
		FA21C3B82C8DFA9500BFE805 /* AlexFoodRecipes.app */ = {isa = PBXFileReference; explicitFileType = wrapper.application; includeInIndex = 0; path = AlexFoodRecipes.app; sourceTree = BUILT_PRODUCTS_DIR; };
		FA21C3BB2C8DFA9500BFE805 /* AppDelegate.swift */ = {isa = PBXFileReference; lastKnownFileType = sourcecode.swift; path = AppDelegate.swift; sourceTree = "<group>"; };
		FA21C3BD2C8DFA9500BFE805 /* SceneDelegate.swift */ = {isa = PBXFileReference; lastKnownFileType = sourcecode.swift; path = SceneDelegate.swift; sourceTree = "<group>"; };
		FA21C3BF2C8DFA9500BFE805 /* MainTabBarViewController.swift */ = {isa = PBXFileReference; lastKnownFileType = sourcecode.swift; path = MainTabBarViewController.swift; sourceTree = "<group>"; };
		FA21C3C42C8DFA9800BFE805 /* Assets.xcassets */ = {isa = PBXFileReference; lastKnownFileType = folder.assetcatalog; path = Assets.xcassets; sourceTree = "<group>"; };
		FA21C3C72C8DFA9800BFE805 /* Base */ = {isa = PBXFileReference; lastKnownFileType = file.storyboard; name = Base; path = Base.lproj/LaunchScreen.storyboard; sourceTree = "<group>"; };
		FA21C3C92C8DFA9800BFE805 /* Info.plist */ = {isa = PBXFileReference; lastKnownFileType = text.plist.xml; path = Info.plist; sourceTree = "<group>"; };
		FA7240E72C8E054300F3001D /* BaseModule.swift */ = {isa = PBXFileReference; lastKnownFileType = sourcecode.swift; path = BaseModule.swift; sourceTree = "<group>"; };
		FA7240E92C8E05FC00F3001D /* Logger.swift */ = {isa = PBXFileReference; lastKnownFileType = sourcecode.swift; path = Logger.swift; sourceTree = "<group>"; };
		FA7240EB2C8E064500F3001D /* AnyModule.swift */ = {isa = PBXFileReference; lastKnownFileType = sourcecode.swift; path = AnyModule.swift; sourceTree = "<group>"; };
		FA7240ED2C8E083C00F3001D /* AnyViewInput.swift */ = {isa = PBXFileReference; lastKnownFileType = sourcecode.swift; path = AnyViewInput.swift; sourceTree = "<group>"; };
		FA7240EF2C8E084700F3001D /* AnyViewController.swift */ = {isa = PBXFileReference; lastKnownFileType = sourcecode.swift; path = AnyViewController.swift; sourceTree = "<group>"; };
		FA7240F12C8E085400F3001D /* AnyViewOutput.swift */ = {isa = PBXFileReference; lastKnownFileType = sourcecode.swift; path = AnyViewOutput.swift; sourceTree = "<group>"; };
		FA7240F32C8E089D00F3001D /* PresenterProvider.swift */ = {isa = PBXFileReference; lastKnownFileType = sourcecode.swift; path = PresenterProvider.swift; sourceTree = "<group>"; };
		FA7240F52C8E08B900F3001D /* BaseViewController.swift */ = {isa = PBXFileReference; lastKnownFileType = sourcecode.swift; path = BaseViewController.swift; sourceTree = "<group>"; };
		FA7240F72C8E08F100F3001D /* AnyInteractorInput.swift */ = {isa = PBXFileReference; lastKnownFileType = sourcecode.swift; path = AnyInteractorInput.swift; sourceTree = "<group>"; };
		FA7240F92C8E091800F3001D /* AnyInteractorOutput.swift */ = {isa = PBXFileReference; lastKnownFileType = sourcecode.swift; path = AnyInteractorOutput.swift; sourceTree = "<group>"; };
		FA7240FB2C8E092C00F3001D /* InteractorType.swift */ = {isa = PBXFileReference; lastKnownFileType = sourcecode.swift; path = InteractorType.swift; sourceTree = "<group>"; };
		FA7240FD2C8E093600F3001D /* AnyInteractor.swift */ = {isa = PBXFileReference; lastKnownFileType = sourcecode.swift; path = AnyInteractor.swift; sourceTree = "<group>"; };
		FA7240FF2C8E096900F3001D /* AnyModueInput.swift */ = {isa = PBXFileReference; lastKnownFileType = sourcecode.swift; path = AnyModueInput.swift; sourceTree = "<group>"; };
		FA7241012C8E097600F3001D /* AnyPresenter.swift */ = {isa = PBXFileReference; lastKnownFileType = sourcecode.swift; path = AnyPresenter.swift; sourceTree = "<group>"; };
		FA7241032C8E098500F3001D /* RouterProvider.swift */ = {isa = PBXFileReference; lastKnownFileType = sourcecode.swift; path = RouterProvider.swift; sourceTree = "<group>"; };
		FA7241052C8E098F00F3001D /* PresenterType.swift */ = {isa = PBXFileReference; lastKnownFileType = sourcecode.swift; path = PresenterType.swift; sourceTree = "<group>"; };
		FA7241072C8E09F000F3001D /* RouterType.swift */ = {isa = PBXFileReference; lastKnownFileType = sourcecode.swift; path = RouterType.swift; sourceTree = "<group>"; };
		FA7241092C8E0A0000F3001D /* BaseRouter.swift */ = {isa = PBXFileReference; lastKnownFileType = sourcecode.swift; path = BaseRouter.swift; sourceTree = "<group>"; };
		FA72410C2C8E0AB600F3001D /* BaseModuleAssembly.swift */ = {isa = PBXFileReference; lastKnownFileType = sourcecode.swift; path = BaseModuleAssembly.swift; sourceTree = "<group>"; };
		FAA85BE92C95DF9A00296B7F /* DataResponse.swift */ = {isa = PBXFileReference; lastKnownFileType = sourcecode.swift; name = DataResponse.swift; path = AlexFoodRecipes/Helpers/DataResponse.swift; sourceTree = SOURCE_ROOT; };
		FAA85BEB2C95E1CB00296B7F /* Recipe.swift */ = {isa = PBXFileReference; lastKnownFileType = sourcecode.swift; name = Recipe.swift; path = AlexFoodRecipes/Helpers/Recipe.swift; sourceTree = SOURCE_ROOT; };
		FAA85BEE2C95E3C300296B7F /* RecipeRepository.swift */ = {isa = PBXFileReference; lastKnownFileType = sourcecode.swift; name = RecipeRepository.swift; path = AlexFoodRecipes/Data/AlexFoodRecipes/Data/Repositories/AlexFoodRecipes/Data/AlexFoodRecipes/Data/Repositories/RecipeRepository/RecipeRepository.swift; sourceTree = SOURCE_ROOT; };
		FAA85BF22C95E42800296B7F /* RecipeRepositoryInput.swift */ = {isa = PBXFileReference; lastKnownFileType = sourcecode.swift; path = RecipeRepositoryInput.swift; sourceTree = "<group>"; };
		FAC083F62C935D3D0029E622 /* HomeTabVC.swift */ = {isa = PBXFileReference; lastKnownFileType = sourcecode.swift; path = HomeTabVC.swift; sourceTree = "<group>"; };
		FAC083F82C935DBC0029E622 /* FavouritesTabVC.swift */ = {isa = PBXFileReference; lastKnownFileType = sourcecode.swift; path = FavouritesTabVC.swift; sourceTree = "<group>"; };
		FAC083FA2C935DE80029E622 /* NewRecipeTabVC.swift */ = {isa = PBXFileReference; lastKnownFileType = sourcecode.swift; path = NewRecipeTabVC.swift; sourceTree = "<group>"; };
		FAC083FC2C935E4F0029E622 /* NotificationsTabVC.swift */ = {isa = PBXFileReference; lastKnownFileType = sourcecode.swift; path = NotificationsTabVC.swift; sourceTree = "<group>"; };
		FAC083FE2C935EA70029E622 /* AccountTabVC.swift */ = {isa = PBXFileReference; lastKnownFileType = sourcecode.swift; path = AccountTabVC.swift; sourceTree = "<group>"; };
		FAC084032C95D9FC0029E622 /* EndPointType.swift */ = {isa = PBXFileReference; lastKnownFileType = sourcecode.swift; name = EndPointType.swift; path = AlexFoodRecipes/Presentation/Modules/MainTabBarModule/View/EndPointType.swift; sourceTree = SOURCE_ROOT; };
		FAC084052C95DA280029E622 /* AuthorizationType.swift */ = {isa = PBXFileReference; lastKnownFileType = sourcecode.swift; name = AuthorizationType.swift; path = AlexFoodRecipes/Presentation/Modules/MainTabBarModule/View/AuthorizationType.swift; sourceTree = SOURCE_ROOT; };
		FAC084072C95DA670029E622 /* RequestItem.swift */ = {isa = PBXFileReference; lastKnownFileType = sourcecode.swift; name = RequestItem.swift; path = AlexFoodRecipes/Presentation/Modules/MainTabBarModule/View/RequestItem.swift; sourceTree = SOURCE_ROOT; };
		FAC084092C95DA820029E622 /* NetworkingProtocol.swift */ = {isa = PBXFileReference; lastKnownFileType = sourcecode.swift; name = NetworkingProtocol.swift; path = AlexFoodRecipes/Presentation/Modules/MainTabBarModule/View/NetworkingProtocol.swift; sourceTree = SOURCE_ROOT; };
		FAC0840B2C95DAA40029E622 /* Networking.swift */ = {isa = PBXFileReference; lastKnownFileType = sourcecode.swift; name = Networking.swift; path = AlexFoodRecipes/Presentation/Modules/MainTabBarModule/View/Networking.swift; sourceTree = SOURCE_ROOT; };
		FAC0840D2C95DC6B0029E622 /* Command.swift */ = {isa = PBXFileReference; lastKnownFileType = sourcecode.swift; path = Command.swift; sourceTree = "<group>"; };
		FADAFC5D2CA1E7C1004F08AB /* Poppins-ExtraBold.ttf */ = {isa = PBXFileReference; lastKnownFileType = file; path = "Poppins-ExtraBold.ttf"; sourceTree = "<group>"; };
		FADAFC5F2CA1E7F9004F08AB /* Poppins-Regular.ttf */ = {isa = PBXFileReference; lastKnownFileType = file; path = "Poppins-Regular.ttf"; sourceTree = "<group>"; };
		FADAFC612CA1E86A004F08AB /* Poppins-Light.ttf */ = {isa = PBXFileReference; lastKnownFileType = file; path = "Poppins-Light.ttf"; sourceTree = "<group>"; };
/* End PBXFileReference section */

/* Begin PBXFrameworksBuildPhase section */
		FA21C3B52C8DFA9500BFE805 /* Frameworks */ = {
			isa = PBXFrameworksBuildPhase;
			buildActionMask = 2147483647;
			files = (
				FAC084022C95BEF50029E622 /* SnapKit in Frameworks */,
				FAA85BE52C95DED100296B7F /* Alamofire in Frameworks */,
				FAA85BE82C95DF3E00296B7F /* Swinject in Frameworks */,
			);
			runOnlyForDeploymentPostprocessing = 0;
		};
/* End PBXFrameworksBuildPhase section */

/* Begin PBXGroup section */
		601F8A8A9578E7BEEA7ABC20 /* Pods */ = {
			isa = PBXGroup;
			children = (
			);
			path = Pods;
			sourceTree = "<group>";
		};
		FA21C3AF2C8DFA9500BFE805 = {
			isa = PBXGroup;
			children = (
				FA21C3BA2C8DFA9500BFE805 /* AlexFoodRecipes */,
				FA21C3B92C8DFA9500BFE805 /* Products */,
				601F8A8A9578E7BEEA7ABC20 /* Pods */,
			);
			sourceTree = "<group>";
		};
		FA21C3B92C8DFA9500BFE805 /* Products */ = {
			isa = PBXGroup;
			children = (
				FA21C3B82C8DFA9500BFE805 /* AlexFoodRecipes.app */,
			);
			name = Products;
			sourceTree = "<group>";
		};
		FA21C3BA2C8DFA9500BFE805 /* AlexFoodRecipes */ = {
			isa = PBXGroup;
			children = (
				FA7240D62C8E027D00F3001D /* DI */,
				FA7240D72C8E029F00F3001D /* Data */,
				FA7240DA2C8E02D000F3001D /* Domain */,
				FA7240DB2C8E035F00F3001D /* Models */,
				FA7240DD2C8E038E00F3001D /* Presentation */,
				FA7240DE2C8E03A300F3001D /* Helpers */,
				FAA85BED2C95E37400296B7F /* Repositories */,
				FA7240DC2C8E037000F3001D /* Resources */,
				FA21C3C42C8DFA9800BFE805 /* Assets.xcassets */,
				FA21C3C62C8DFA9800BFE805 /* LaunchScreen.storyboard */,
				FA21C3C92C8DFA9800BFE805 /* Info.plist */,
			);
			path = AlexFoodRecipes;
			sourceTree = "<group>";
		};
		FA31777B2C9C5891005DCC18 /* FavouritesTabModule */ = {
			isa = PBXGroup;
			children = (
				FA3177802C9C58B9005DCC18 /* Assembly */,
				FA31777F2C9C58B6005DCC18 /* View */,
				FA31777E2C9C58B1005DCC18 /* Interactor */,
				FA31777D2C9C58AE005DCC18 /* Presenter */,
				FA31777C2C9C58AB005DCC18 /* Router */,
			);
			path = FavouritesTabModule;
			sourceTree = "<group>";
		};
		FA31777C2C9C58AB005DCC18 /* Router */ = {
			isa = PBXGroup;
			children = (
			);
			path = Router;
			sourceTree = "<group>";
		};
		FA31777D2C9C58AE005DCC18 /* Presenter */ = {
			isa = PBXGroup;
			children = (
			);
			path = Presenter;
			sourceTree = "<group>";
		};
		FA31777E2C9C58B1005DCC18 /* Interactor */ = {
			isa = PBXGroup;
			children = (
			);
			path = Interactor;
			sourceTree = "<group>";
		};
		FA31777F2C9C58B6005DCC18 /* View */ = {
			isa = PBXGroup;
			children = (
				FAC083F82C935DBC0029E622 /* FavouritesTabVC.swift */,
			);
			path = View;
			sourceTree = "<group>";
		};
		FA3177802C9C58B9005DCC18 /* Assembly */ = {
			isa = PBXGroup;
			children = (
			);
			path = Assembly;
			sourceTree = "<group>";
		};
		FA3177812C9C58F8005DCC18 /* NewRecipeTabModule */ = {
			isa = PBXGroup;
			children = (
				FA3177862C9C5928005DCC18 /* Assembly */,
				FA3177852C9C5925005DCC18 /* View */,
				FA3177842C9C5921005DCC18 /* Interactor */,
				FA3177832C9C591E005DCC18 /* Presenter */,
				FA3177822C9C591A005DCC18 /* Router */,
			);
			path = NewRecipeTabModule;
			sourceTree = "<group>";
		};
		FA3177822C9C591A005DCC18 /* Router */ = {
			isa = PBXGroup;
			children = (
			);
			path = Router;
			sourceTree = "<group>";
		};
		FA3177832C9C591E005DCC18 /* Presenter */ = {
			isa = PBXGroup;
			children = (
			);
			path = Presenter;
			sourceTree = "<group>";
		};
		FA3177842C9C5921005DCC18 /* Interactor */ = {
			isa = PBXGroup;
			children = (
			);
			path = Interactor;
			sourceTree = "<group>";
		};
		FA3177852C9C5925005DCC18 /* View */ = {
			isa = PBXGroup;
			children = (
				FAC083FA2C935DE80029E622 /* NewRecipeTabVC.swift */,
			);
			path = View;
			sourceTree = "<group>";
		};
		FA3177862C9C5928005DCC18 /* Assembly */ = {
			isa = PBXGroup;
			children = (
			);
			path = Assembly;
			sourceTree = "<group>";
		};
		FA3177872C9C5967005DCC18 /* NotificationsTabModule */ = {
			isa = PBXGroup;
			children = (
				FA31778C2C9C5988005DCC18 /* Assembly */,
				FA31778B2C9C5985005DCC18 /* View */,
				FA31778A2C9C5983005DCC18 /* Interactor */,
				FA3177892C9C5980005DCC18 /* Presenter */,
				FA3177882C9C597D005DCC18 /* Router */,
			);
			path = NotificationsTabModule;
			sourceTree = "<group>";
		};
		FA3177882C9C597D005DCC18 /* Router */ = {
			isa = PBXGroup;
			children = (
			);
			path = Router;
			sourceTree = "<group>";
		};
		FA3177892C9C5980005DCC18 /* Presenter */ = {
			isa = PBXGroup;
			children = (
			);
			path = Presenter;
			sourceTree = "<group>";
		};
		FA31778A2C9C5983005DCC18 /* Interactor */ = {
			isa = PBXGroup;
			children = (
			);
			path = Interactor;
			sourceTree = "<group>";
		};
		FA31778B2C9C5985005DCC18 /* View */ = {
			isa = PBXGroup;
			children = (
				FAC083FC2C935E4F0029E622 /* NotificationsTabVC.swift */,
			);
			path = View;
			sourceTree = "<group>";
		};
		FA31778C2C9C5988005DCC18 /* Assembly */ = {
			isa = PBXGroup;
			children = (
			);
			path = Assembly;
			sourceTree = "<group>";
		};
		FA31778D2C9C59B5005DCC18 /* AccountTabModule */ = {
			isa = PBXGroup;
			children = (
				FA3177922C9C59C7005DCC18 /* Assembly */,
				FA3177912C9C59C4005DCC18 /* View */,
				FA3177902C9C59C1005DCC18 /* Interactor */,
				FA31778F2C9C59BE005DCC18 /* Presenter */,
				FA31778E2C9C59BB005DCC18 /* Router */,
			);
			path = AccountTabModule;
			sourceTree = "<group>";
		};
		FA31778E2C9C59BB005DCC18 /* Router */ = {
			isa = PBXGroup;
			children = (
			);
			path = Router;
			sourceTree = "<group>";
		};
		FA31778F2C9C59BE005DCC18 /* Presenter */ = {
			isa = PBXGroup;
			children = (
			);
			path = Presenter;
			sourceTree = "<group>";
		};
		FA3177902C9C59C1005DCC18 /* Interactor */ = {
			isa = PBXGroup;
			children = (
			);
			path = Interactor;
			sourceTree = "<group>";
		};
		FA3177912C9C59C4005DCC18 /* View */ = {
			isa = PBXGroup;
			children = (
				FAC083FE2C935EA70029E622 /* AccountTabVC.swift */,
			);
			path = View;
			sourceTree = "<group>";
		};
		FA3177922C9C59C7005DCC18 /* Assembly */ = {
			isa = PBXGroup;
			children = (
			);
			path = Assembly;
			sourceTree = "<group>";
		};
		FA7240D62C8E027D00F3001D /* DI */ = {
			isa = PBXGroup;
			children = (
				FA72410B2C8E0AA100F3001D /* Assemblies */,
			);
			path = DI;
			sourceTree = "<group>";
		};
		FA7240D72C8E029F00F3001D /* Data */ = {
			isa = PBXGroup;
			children = (
				FA7240D92C8E02BF00F3001D /* Networking */,
				FA7240D82C8E02B500F3001D /* Storage */,
			);
			path = Data;
			sourceTree = "<group>";
		};
		FA7240D82C8E02B500F3001D /* Storage */ = {
			isa = PBXGroup;
			children = (
			);
			path = Storage;
			sourceTree = "<group>";
		};
		FA7240D92C8E02BF00F3001D /* Networking */ = {
			isa = PBXGroup;
			children = (
				FAC084032C95D9FC0029E622 /* EndPointType.swift */,
				FAC084052C95DA280029E622 /* AuthorizationType.swift */,
				FAC084072C95DA670029E622 /* RequestItem.swift */,
				FAC084092C95DA820029E622 /* NetworkingProtocol.swift */,
				FAC0840B2C95DAA40029E622 /* Networking.swift */,
			);
			path = Networking;
			sourceTree = "<group>";
		};
		FA7240DA2C8E02D000F3001D /* Domain */ = {
			isa = PBXGroup;
			children = (
			);
			path = Domain;
			sourceTree = "<group>";
		};
		FA7240DB2C8E035F00F3001D /* Models */ = {
			isa = PBXGroup;
			children = (
				FAA85BE92C95DF9A00296B7F /* DataResponse.swift */,
				FAA85BEB2C95E1CB00296B7F /* Recipe.swift */,
			);
			path = Models;
			sourceTree = "<group>";
		};
		FA7240DC2C8E037000F3001D /* Resources */ = {
			isa = PBXGroup;
			children = (
				FADAFC5C2CA1E758004F08AB /* fonts */,
			);
			path = Resources;
			sourceTree = "<group>";
		};
		FA7240DD2C8E038E00F3001D /* Presentation */ = {
			isa = PBXGroup;
			children = (
				FA21C3BB2C8DFA9500BFE805 /* AppDelegate.swift */,
				FA21C3BD2C8DFA9500BFE805 /* SceneDelegate.swift */,
				FA7240E12C8E040400F3001D /* Modules */,
				FA7240E02C8E03FA00F3001D /* Viper */,
				FA7240DF2C8E03CA00F3001D /* HelperViews */,
			);
			path = Presentation;
			sourceTree = "<group>";
		};
		FA7240DE2C8E03A300F3001D /* Helpers */ = {
			isa = PBXGroup;
			children = (
				FA7240E92C8E05FC00F3001D /* Logger.swift */,
				FAC0840D2C95DC6B0029E622 /* Command.swift */,
			);
			path = Helpers;
			sourceTree = "<group>";
		};
		FA7240DF2C8E03CA00F3001D /* HelperViews */ = {
			isa = PBXGroup;
			children = (
			);
			path = HelperViews;
			sourceTree = "<group>";
		};
		FA7240E02C8E03FA00F3001D /* Viper */ = {
			isa = PBXGroup;
			children = (
				FA7240E62C8E048E00F3001D /* View */,
				FA7240E42C8E045900F3001D /* Interactor */,
				FA7240E52C8E046900F3001D /* Presenter */,
				FA7240E22C8E041500F3001D /* Assembly */,
				FA7240E32C8E041D00F3001D /* Router */,
			);
			path = Viper;
			sourceTree = "<group>";
		};
		FA7240E12C8E040400F3001D /* Modules */ = {
			isa = PBXGroup;
			children = (
				FA72410E2C8E0B6400F3001D /* MainTabBarModule */,
				FAA85BF42C9B486700296B7F /* HomeTabModule */,
				FA31777B2C9C5891005DCC18 /* FavouritesTabModule */,
				FA3177812C9C58F8005DCC18 /* NewRecipeTabModule */,
				FA3177872C9C5967005DCC18 /* NotificationsTabModule */,
				FA31778D2C9C59B5005DCC18 /* AccountTabModule */,
			);
			path = Modules;
			sourceTree = "<group>";
		};
		FA7240E22C8E041500F3001D /* Assembly */ = {
			isa = PBXGroup;
			children = (
				FA7240E72C8E054300F3001D /* BaseModule.swift */,
				FA7240EB2C8E064500F3001D /* AnyModule.swift */,
			);
			path = Assembly;
			sourceTree = "<group>";
		};
		FA7240E32C8E041D00F3001D /* Router */ = {
			isa = PBXGroup;
			children = (
				FA7241072C8E09F000F3001D /* RouterType.swift */,
				FA7241092C8E0A0000F3001D /* BaseRouter.swift */,
			);
			path = Router;
			sourceTree = "<group>";
		};
		FA7240E42C8E045900F3001D /* Interactor */ = {
			isa = PBXGroup;
			children = (
				FA7240F72C8E08F100F3001D /* AnyInteractorInput.swift */,
				FA7240F92C8E091800F3001D /* AnyInteractorOutput.swift */,
				FA7240FB2C8E092C00F3001D /* InteractorType.swift */,
				FA7240FD2C8E093600F3001D /* AnyInteractor.swift */,
			);
			path = Interactor;
			sourceTree = "<group>";
		};
		FA7240E52C8E046900F3001D /* Presenter */ = {
			isa = PBXGroup;
			children = (
				FA7240FF2C8E096900F3001D /* AnyModueInput.swift */,
				FA7241012C8E097600F3001D /* AnyPresenter.swift */,
				FA7241052C8E098F00F3001D /* PresenterType.swift */,
				FA7241032C8E098500F3001D /* RouterProvider.swift */,
			);
			path = Presenter;
			sourceTree = "<group>";
		};
		FA7240E62C8E048E00F3001D /* View */ = {
			isa = PBXGroup;
			children = (
				FA7240ED2C8E083C00F3001D /* AnyViewInput.swift */,
				FA7240F32C8E089D00F3001D /* PresenterProvider.swift */,
				FA7240EF2C8E084700F3001D /* AnyViewController.swift */,
				FA7240F52C8E08B900F3001D /* BaseViewController.swift */,
				FA7240F12C8E085400F3001D /* AnyViewOutput.swift */,
			);
			path = View;
			sourceTree = "<group>";
		};
		FA72410B2C8E0AA100F3001D /* Assemblies */ = {
			isa = PBXGroup;
			children = (
				FA72410C2C8E0AB600F3001D /* BaseModuleAssembly.swift */,
			);
			path = Assemblies;
			sourceTree = "<group>";
		};
		FA72410E2C8E0B6400F3001D /* MainTabBarModule */ = {
			isa = PBXGroup;
			children = (
				FA72410F2C8E0B9700F3001D /* Assembly */,
				FA7241132C8E0BC000F3001D /* View */,
				FA7241112C8E0BA600F3001D /* Interactor */,
				FA7241102C8E0BA000F3001D /* Presenter */,
				FA7241122C8E0BAC00F3001D /* Router */,
			);
			path = MainTabBarModule;
			sourceTree = "<group>";
		};
		FA72410F2C8E0B9700F3001D /* Assembly */ = {
			isa = PBXGroup;
			children = (
			);
			path = Assembly;
			sourceTree = "<group>";
		};
		FA7241102C8E0BA000F3001D /* Presenter */ = {
			isa = PBXGroup;
			children = (
			);
			path = Presenter;
			sourceTree = "<group>";
		};
		FA7241112C8E0BA600F3001D /* Interactor */ = {
			isa = PBXGroup;
			children = (
			);
			path = Interactor;
			sourceTree = "<group>";
		};
		FA7241122C8E0BAC00F3001D /* Router */ = {
			isa = PBXGroup;
			children = (
			);
			path = Router;
			sourceTree = "<group>";
		};
		FA7241132C8E0BC000F3001D /* View */ = {
			isa = PBXGroup;
			children = (
				FA21C3BF2C8DFA9500BFE805 /* MainTabBarViewController.swift */,
			);
			path = View;
			sourceTree = "<group>";
		};
		FAA85BED2C95E37400296B7F /* Repositories */ = {
			isa = PBXGroup;
			children = (
				FAA85BF02C95E3F700296B7F /* RecipeRepository */,
			);
			name = Repositories;
			path = Data/AlexFoodRecipes/Data/Repositories;
			sourceTree = "<group>";
		};
		FAA85BF02C95E3F700296B7F /* RecipeRepository */ = {
			isa = PBXGroup;
			children = (
				FAA85BEE2C95E3C300296B7F /* RecipeRepository.swift */,
				FAA85BF22C95E42800296B7F /* RecipeRepositoryInput.swift */,
			);
			name = RecipeRepository;
			path = AlexFoodRecipes/Data/AlexFoodRecipes/Data/Repositories/RecipeRepository;
			sourceTree = "<group>";
		};
		FAA85BF42C9B486700296B7F /* HomeTabModule */ = {
			isa = PBXGroup;
			children = (
				FAA85BFA2C9B48AB00296B7F /* Assembly */,
				FAA85BF82C9B48A600296B7F /* View */,
				FAA85BF72C9B48A300296B7F /* Interactor */,
				FAA85BF62C9B48A100296B7F /* Presenter */,
				FAA85BF52C9B489D00296B7F /* Router */,
			);
			path = HomeTabModule;
			sourceTree = "<group>";
		};
		FAA85BF52C9B489D00296B7F /* Router */ = {
			isa = PBXGroup;
			children = (
			);
			path = Router;
			sourceTree = "<group>";
		};
		FAA85BF62C9B48A100296B7F /* Presenter */ = {
			isa = PBXGroup;
			children = (
			);
			path = Presenter;
			sourceTree = "<group>";
		};
		FAA85BF72C9B48A300296B7F /* Interactor */ = {
			isa = PBXGroup;
			children = (
			);
			path = Interactor;
			sourceTree = "<group>";
		};
		FAA85BF82C9B48A600296B7F /* View */ = {
			isa = PBXGroup;
			children = (
				FAC083F62C935D3D0029E622 /* HomeTabVC.swift */,
			);
			path = View;
			sourceTree = "<group>";
		};
		FAA85BFA2C9B48AB00296B7F /* Assembly */ = {
			isa = PBXGroup;
			children = (
			);
			path = Assembly;
			sourceTree = "<group>";
		};
		FADAFC5C2CA1E758004F08AB /* fonts */ = {
			isa = PBXGroup;
			children = (
				FADAFC5F2CA1E7F9004F08AB /* Poppins-Regular.ttf */,
				FADAFC612CA1E86A004F08AB /* Poppins-Light.ttf */,
				FADAFC5D2CA1E7C1004F08AB /* Poppins-ExtraBold.ttf */,
			);
			path = fonts;
			sourceTree = "<group>";
		};
/* End PBXGroup section */

/* Begin PBXNativeTarget section */
		FA21C3B72C8DFA9500BFE805 /* AlexFoodRecipes */ = {
			isa = PBXNativeTarget;
			buildConfigurationList = FA21C3CC2C8DFA9800BFE805 /* Build configuration list for PBXNativeTarget "AlexFoodRecipes" */;
			buildPhases = (
				FA21C3B42C8DFA9500BFE805 /* Sources */,
				FA21C3B52C8DFA9500BFE805 /* Frameworks */,
				FA21C3B62C8DFA9500BFE805 /* Resources */,
			);
			buildRules = (
			);
			dependencies = (
			);
			name = AlexFoodRecipes;
			packageProductDependencies = (
				FAC084012C95BEF50029E622 /* SnapKit */,
				FAA85BE42C95DED100296B7F /* Alamofire */,
				FAA85BE72C95DF3E00296B7F /* Swinject */,
			);
			productName = AlexFoodRecipes;
			productReference = FA21C3B82C8DFA9500BFE805 /* AlexFoodRecipes.app */;
			productType = "com.apple.product-type.application";
		};
/* End PBXNativeTarget section */

/* Begin PBXProject section */
		FA21C3B02C8DFA9500BFE805 /* Project object */ = {
			isa = PBXProject;
			attributes = {
				BuildIndependentTargetsInParallel = 1;
				LastSwiftUpdateCheck = 1540;
				LastUpgradeCheck = 1540;
				TargetAttributes = {
					FA21C3B72C8DFA9500BFE805 = {
						CreatedOnToolsVersion = 15.4;
					};
				};
			};
			buildConfigurationList = FA21C3B32C8DFA9500BFE805 /* Build configuration list for PBXProject "AlexFoodRecipes" */;
			compatibilityVersion = "Xcode 14.0";
			developmentRegion = en;
			hasScannedForEncodings = 0;
			knownRegions = (
				en,
				Base,
			);
			mainGroup = FA21C3AF2C8DFA9500BFE805;
			packageReferences = (
				FAC084002C95BEF50029E622 /* XCRemoteSwiftPackageReference "SnapKit" */,
				FAA85BE32C95DED100296B7F /* XCRemoteSwiftPackageReference "Alamofire" */,
				FAA85BE62C95DF3E00296B7F /* XCRemoteSwiftPackageReference "Swinject" */,
			);
			productRefGroup = FA21C3B92C8DFA9500BFE805 /* Products */;
			projectDirPath = "";
			projectRoot = "";
			targets = (
				FA21C3B72C8DFA9500BFE805 /* AlexFoodRecipes */,
			);
		};
/* End PBXProject section */

/* Begin PBXResourcesBuildPhase section */
		FA21C3B62C8DFA9500BFE805 /* Resources */ = {
			isa = PBXResourcesBuildPhase;
			buildActionMask = 2147483647;
			files = (
				FA21C3C52C8DFA9800BFE805 /* Assets.xcassets in Resources */,
				FADAFC622CA1E86A004F08AB /* Poppins-Light.ttf in Resources */,
				FADAFC5E2CA1E7C1004F08AB /* Poppins-ExtraBold.ttf in Resources */,
				FA21C3C82C8DFA9800BFE805 /* Base in Resources */,
				FADAFC602CA1E7F9004F08AB /* Poppins-Regular.ttf in Resources */,
			);
			runOnlyForDeploymentPostprocessing = 0;
		};
/* End PBXResourcesBuildPhase section */

/* Begin PBXSourcesBuildPhase section */
		FA21C3B42C8DFA9500BFE805 /* Sources */ = {
			isa = PBXSourcesBuildPhase;
			buildActionMask = 2147483647;
			files = (
				FA7241002C8E096900F3001D /* AnyModueInput.swift in Sources */,
				FA7240EC2C8E064500F3001D /* AnyModule.swift in Sources */,
				FAA85BEC2C95E1CB00296B7F /* Recipe.swift in Sources */,
				FA7241082C8E09F000F3001D /* RouterType.swift in Sources */,
				FAC083FF2C935EA70029E622 /* AccountTabVC.swift in Sources */,
				FA7240F62C8E08B900F3001D /* BaseViewController.swift in Sources */,
				FA7240FC2C8E092C00F3001D /* InteractorType.swift in Sources */,
				FAC084082C95DA670029E622 /* RequestItem.swift in Sources */,
				FAC0840A2C95DA820029E622 /* NetworkingProtocol.swift in Sources */,
				FA7240F82C8E08F100F3001D /* AnyInteractorInput.swift in Sources */,
				FA7240FA2C8E091800F3001D /* AnyInteractorOutput.swift in Sources */,
				FA7240F02C8E084700F3001D /* AnyViewController.swift in Sources */,
				FA7240EE2C8E083C00F3001D /* AnyViewInput.swift in Sources */,
				FAA85BEF2C95E3C300296B7F /* RecipeRepository.swift in Sources */,
				FA7240EA2C8E05FC00F3001D /* Logger.swift in Sources */,
				FA7240FE2C8E093600F3001D /* AnyInteractor.swift in Sources */,
				FAC083FB2C935DE80029E622 /* NewRecipeTabVC.swift in Sources */,
				FA7240F22C8E085400F3001D /* AnyViewOutput.swift in Sources */,
				FAA85BEA2C95DF9A00296B7F /* DataResponse.swift in Sources */,
				FAC084062C95DA280029E622 /* AuthorizationType.swift in Sources */,
				FA72410D2C8E0AB600F3001D /* BaseModuleAssembly.swift in Sources */,
				FA7240E82C8E054300F3001D /* BaseModule.swift in Sources */,
				FAA85BF32C95E42800296B7F /* RecipeRepositoryInput.swift in Sources */,
				FAC0840C2C95DAA40029E622 /* Networking.swift in Sources */,
				FAC0840E2C95DC6B0029E622 /* Command.swift in Sources */,
				FA7241022C8E097600F3001D /* AnyPresenter.swift in Sources */,
				FA21C3C02C8DFA9500BFE805 /* MainTabBarViewController.swift in Sources */,
				FAC083F92C935DBC0029E622 /* FavouritesTabVC.swift in Sources */,
				FA7240F42C8E089D00F3001D /* PresenterProvider.swift in Sources */,
				FAC084042C95D9FC0029E622 /* EndPointType.swift in Sources */,
				FA72410A2C8E0A0000F3001D /* BaseRouter.swift in Sources */,
				FA7241042C8E098500F3001D /* RouterProvider.swift in Sources */,
				FA7241062C8E098F00F3001D /* PresenterType.swift in Sources */,
				FA21C3BC2C8DFA9500BFE805 /* AppDelegate.swift in Sources */,
				FAC083FD2C935E4F0029E622 /* NotificationsTabVC.swift in Sources */,
				FA21C3BE2C8DFA9500BFE805 /* SceneDelegate.swift in Sources */,
				FAC083F72C935D3D0029E622 /* HomeTabVC.swift in Sources */,
			);
			runOnlyForDeploymentPostprocessing = 0;
		};
/* End PBXSourcesBuildPhase section */

/* Begin PBXVariantGroup section */
		FA21C3C62C8DFA9800BFE805 /* LaunchScreen.storyboard */ = {
			isa = PBXVariantGroup;
			children = (
				FA21C3C72C8DFA9800BFE805 /* Base */,
			);
			name = LaunchScreen.storyboard;
			sourceTree = "<group>";
		};
/* End PBXVariantGroup section */

/* Begin XCBuildConfiguration section */
		FA21C3CA2C8DFA9800BFE805 /* Debug */ = {
			isa = XCBuildConfiguration;
			buildSettings = {
				ALWAYS_SEARCH_USER_PATHS = NO;
				ASSETCATALOG_COMPILER_GENERATE_SWIFT_ASSET_SYMBOL_EXTENSIONS = YES;
				CLANG_ANALYZER_NONNULL = YES;
				CLANG_ANALYZER_NUMBER_OBJECT_CONVERSION = YES_AGGRESSIVE;
				CLANG_CXX_LANGUAGE_STANDARD = "gnu++20";
				CLANG_ENABLE_MODULES = YES;
				CLANG_ENABLE_OBJC_ARC = YES;
				CLANG_ENABLE_OBJC_WEAK = YES;
				CLANG_WARN_BLOCK_CAPTURE_AUTORELEASING = YES;
				CLANG_WARN_BOOL_CONVERSION = YES;
				CLANG_WARN_COMMA = YES;
				CLANG_WARN_CONSTANT_CONVERSION = YES;
				CLANG_WARN_DEPRECATED_OBJC_IMPLEMENTATIONS = YES;
				CLANG_WARN_DIRECT_OBJC_ISA_USAGE = YES_ERROR;
				CLANG_WARN_DOCUMENTATION_COMMENTS = YES;
				CLANG_WARN_EMPTY_BODY = YES;
				CLANG_WARN_ENUM_CONVERSION = YES;
				CLANG_WARN_INFINITE_RECURSION = YES;
				CLANG_WARN_INT_CONVERSION = YES;
				CLANG_WARN_NON_LITERAL_NULL_CONVERSION = YES;
				CLANG_WARN_OBJC_IMPLICIT_RETAIN_SELF = YES;
				CLANG_WARN_OBJC_LITERAL_CONVERSION = YES;
				CLANG_WARN_OBJC_ROOT_CLASS = YES_ERROR;
				CLANG_WARN_QUOTED_INCLUDE_IN_FRAMEWORK_HEADER = YES;
				CLANG_WARN_RANGE_LOOP_ANALYSIS = YES;
				CLANG_WARN_STRICT_PROTOTYPES = YES;
				CLANG_WARN_SUSPICIOUS_MOVE = YES;
				CLANG_WARN_UNGUARDED_AVAILABILITY = YES_AGGRESSIVE;
				CLANG_WARN_UNREACHABLE_CODE = YES;
				CLANG_WARN__DUPLICATE_METHOD_MATCH = YES;
				COPY_PHASE_STRIP = NO;
				DEBUG_INFORMATION_FORMAT = dwarf;
				ENABLE_STRICT_OBJC_MSGSEND = YES;
				ENABLE_TESTABILITY = YES;
				ENABLE_USER_SCRIPT_SANDBOXING = YES;
				GCC_C_LANGUAGE_STANDARD = gnu17;
				GCC_DYNAMIC_NO_PIC = NO;
				GCC_NO_COMMON_BLOCKS = YES;
				GCC_OPTIMIZATION_LEVEL = 0;
				GCC_PREPROCESSOR_DEFINITIONS = (
					"DEBUG=1",
					"$(inherited)",
				);
				GCC_WARN_64_TO_32_BIT_CONVERSION = YES;
				GCC_WARN_ABOUT_RETURN_TYPE = YES_ERROR;
				GCC_WARN_UNDECLARED_SELECTOR = YES;
				GCC_WARN_UNINITIALIZED_AUTOS = YES_AGGRESSIVE;
				GCC_WARN_UNUSED_FUNCTION = YES;
				GCC_WARN_UNUSED_VARIABLE = YES;
				IPHONEOS_DEPLOYMENT_TARGET = 17.5;
				LOCALIZATION_PREFERS_STRING_CATALOGS = YES;
				MTL_ENABLE_DEBUG_INFO = INCLUDE_SOURCE;
				MTL_FAST_MATH = YES;
				ONLY_ACTIVE_ARCH = YES;
				SDKROOT = iphoneos;
				SWIFT_ACTIVE_COMPILATION_CONDITIONS = "DEBUG $(inherited)";
				SWIFT_OPTIMIZATION_LEVEL = "-Onone";
			};
			name = Debug;
		};
		FA21C3CB2C8DFA9800BFE805 /* Release */ = {
			isa = XCBuildConfiguration;
			buildSettings = {
				ALWAYS_SEARCH_USER_PATHS = NO;
				ASSETCATALOG_COMPILER_GENERATE_SWIFT_ASSET_SYMBOL_EXTENSIONS = YES;
				CLANG_ANALYZER_NONNULL = YES;
				CLANG_ANALYZER_NUMBER_OBJECT_CONVERSION = YES_AGGRESSIVE;
				CLANG_CXX_LANGUAGE_STANDARD = "gnu++20";
				CLANG_ENABLE_MODULES = YES;
				CLANG_ENABLE_OBJC_ARC = YES;
				CLANG_ENABLE_OBJC_WEAK = YES;
				CLANG_WARN_BLOCK_CAPTURE_AUTORELEASING = YES;
				CLANG_WARN_BOOL_CONVERSION = YES;
				CLANG_WARN_COMMA = YES;
				CLANG_WARN_CONSTANT_CONVERSION = YES;
				CLANG_WARN_DEPRECATED_OBJC_IMPLEMENTATIONS = YES;
				CLANG_WARN_DIRECT_OBJC_ISA_USAGE = YES_ERROR;
				CLANG_WARN_DOCUMENTATION_COMMENTS = YES;
				CLANG_WARN_EMPTY_BODY = YES;
				CLANG_WARN_ENUM_CONVERSION = YES;
				CLANG_WARN_INFINITE_RECURSION = YES;
				CLANG_WARN_INT_CONVERSION = YES;
				CLANG_WARN_NON_LITERAL_NULL_CONVERSION = YES;
				CLANG_WARN_OBJC_IMPLICIT_RETAIN_SELF = YES;
				CLANG_WARN_OBJC_LITERAL_CONVERSION = YES;
				CLANG_WARN_OBJC_ROOT_CLASS = YES_ERROR;
				CLANG_WARN_QUOTED_INCLUDE_IN_FRAMEWORK_HEADER = YES;
				CLANG_WARN_RANGE_LOOP_ANALYSIS = YES;
				CLANG_WARN_STRICT_PROTOTYPES = YES;
				CLANG_WARN_SUSPICIOUS_MOVE = YES;
				CLANG_WARN_UNGUARDED_AVAILABILITY = YES_AGGRESSIVE;
				CLANG_WARN_UNREACHABLE_CODE = YES;
				CLANG_WARN__DUPLICATE_METHOD_MATCH = YES;
				COPY_PHASE_STRIP = NO;
				DEBUG_INFORMATION_FORMAT = "dwarf-with-dsym";
				ENABLE_NS_ASSERTIONS = NO;
				ENABLE_STRICT_OBJC_MSGSEND = YES;
				ENABLE_USER_SCRIPT_SANDBOXING = YES;
				GCC_C_LANGUAGE_STANDARD = gnu17;
				GCC_NO_COMMON_BLOCKS = YES;
				GCC_WARN_64_TO_32_BIT_CONVERSION = YES;
				GCC_WARN_ABOUT_RETURN_TYPE = YES_ERROR;
				GCC_WARN_UNDECLARED_SELECTOR = YES;
				GCC_WARN_UNINITIALIZED_AUTOS = YES_AGGRESSIVE;
				GCC_WARN_UNUSED_FUNCTION = YES;
				GCC_WARN_UNUSED_VARIABLE = YES;
				IPHONEOS_DEPLOYMENT_TARGET = 17.5;
				LOCALIZATION_PREFERS_STRING_CATALOGS = YES;
				MTL_ENABLE_DEBUG_INFO = NO;
				MTL_FAST_MATH = YES;
				SDKROOT = iphoneos;
				SWIFT_COMPILATION_MODE = wholemodule;
				VALIDATE_PRODUCT = YES;
			};
			name = Release;
		};
		FA21C3CD2C8DFA9800BFE805 /* Debug */ = {
			isa = XCBuildConfiguration;
			buildSettings = {
				ASSETCATALOG_COMPILER_APPICON_NAME = AppIcon;
				ASSETCATALOG_COMPILER_GLOBAL_ACCENT_COLOR_NAME = AccentColor;
				CODE_SIGN_STYLE = Automatic;
				CURRENT_PROJECT_VERSION = 1;
				DEVELOPMENT_TEAM = 8G2CA7AB96;
				ENABLE_USER_SCRIPT_SANDBOXING = NO;
				GENERATE_INFOPLIST_FILE = YES;
				INFOPLIST_FILE = AlexFoodRecipes/Info.plist;
				INFOPLIST_KEY_UIApplicationSupportsIndirectInputEvents = YES;
				INFOPLIST_KEY_UILaunchStoryboardName = LaunchScreen;
				INFOPLIST_KEY_UISupportedInterfaceOrientations_iPad = "UIInterfaceOrientationPortrait UIInterfaceOrientationPortraitUpsideDown UIInterfaceOrientationLandscapeLeft UIInterfaceOrientationLandscapeRight";
				INFOPLIST_KEY_UISupportedInterfaceOrientations_iPhone = "UIInterfaceOrientationPortrait UIInterfaceOrientationLandscapeLeft UIInterfaceOrientationLandscapeRight";
				LD_RUNPATH_SEARCH_PATHS = (
					"$(inherited)",
					"@executable_path/Frameworks",
				);
				MARKETING_VERSION = 1.0;
				PRODUCT_BUNDLE_IDENTIFIER = alex.AlexFoodRecipes;
				PRODUCT_NAME = "$(TARGET_NAME)";
				SUPPORTED_PLATFORMS = "iphoneos iphonesimulator";
				SUPPORTS_MACCATALYST = NO;
				SUPPORTS_XR_DESIGNED_FOR_IPHONE_IPAD = NO;
				SWIFT_EMIT_LOC_STRINGS = YES;
				SWIFT_VERSION = 5.0;
				TARGETED_DEVICE_FAMILY = "1,2";
			};
			name = Debug;
		};
		FA21C3CE2C8DFA9800BFE805 /* Release */ = {
			isa = XCBuildConfiguration;
			buildSettings = {
				ASSETCATALOG_COMPILER_APPICON_NAME = AppIcon;
				ASSETCATALOG_COMPILER_GLOBAL_ACCENT_COLOR_NAME = AccentColor;
				CODE_SIGN_STYLE = Automatic;
				CURRENT_PROJECT_VERSION = 1;
				DEVELOPMENT_TEAM = 8G2CA7AB96;
				ENABLE_USER_SCRIPT_SANDBOXING = NO;
				GENERATE_INFOPLIST_FILE = YES;
				INFOPLIST_FILE = AlexFoodRecipes/Info.plist;
				INFOPLIST_KEY_UIApplicationSupportsIndirectInputEvents = YES;
				INFOPLIST_KEY_UILaunchStoryboardName = LaunchScreen;
				INFOPLIST_KEY_UISupportedInterfaceOrientations_iPad = "UIInterfaceOrientationPortrait UIInterfaceOrientationPortraitUpsideDown UIInterfaceOrientationLandscapeLeft UIInterfaceOrientationLandscapeRight";
				INFOPLIST_KEY_UISupportedInterfaceOrientations_iPhone = "UIInterfaceOrientationPortrait UIInterfaceOrientationLandscapeLeft UIInterfaceOrientationLandscapeRight";
				LD_RUNPATH_SEARCH_PATHS = (
					"$(inherited)",
					"@executable_path/Frameworks",
				);
				MARKETING_VERSION = 1.0;
				PRODUCT_BUNDLE_IDENTIFIER = alex.AlexFoodRecipes;
				PRODUCT_NAME = "$(TARGET_NAME)";
				SUPPORTED_PLATFORMS = "iphoneos iphonesimulator";
				SUPPORTS_MACCATALYST = NO;
				SUPPORTS_XR_DESIGNED_FOR_IPHONE_IPAD = NO;
				SWIFT_EMIT_LOC_STRINGS = YES;
				SWIFT_VERSION = 5.0;
				TARGETED_DEVICE_FAMILY = "1,2";
			};
			name = Release;
		};
/* End XCBuildConfiguration section */

/* Begin XCConfigurationList section */
		FA21C3B32C8DFA9500BFE805 /* Build configuration list for PBXProject "AlexFoodRecipes" */ = {
			isa = XCConfigurationList;
			buildConfigurations = (
				FA21C3CA2C8DFA9800BFE805 /* Debug */,
				FA21C3CB2C8DFA9800BFE805 /* Release */,
			);
			defaultConfigurationIsVisible = 0;
			defaultConfigurationName = Release;
		};
		FA21C3CC2C8DFA9800BFE805 /* Build configuration list for PBXNativeTarget "AlexFoodRecipes" */ = {
			isa = XCConfigurationList;
			buildConfigurations = (
				FA21C3CD2C8DFA9800BFE805 /* Debug */,
				FA21C3CE2C8DFA9800BFE805 /* Release */,
			);
			defaultConfigurationIsVisible = 0;
			defaultConfigurationName = Release;
		};
/* End XCConfigurationList section */

/* Begin XCRemoteSwiftPackageReference section */
		FAA85BE32C95DED100296B7F /* XCRemoteSwiftPackageReference "Alamofire" */ = {
			isa = XCRemoteSwiftPackageReference;
			repositoryURL = "https://github.com/Alamofire/Alamofire";
			requirement = {
				kind = upToNextMajorVersion;
				minimumVersion = 5.9.1;
			};
		};
		FAA85BE62C95DF3E00296B7F /* XCRemoteSwiftPackageReference "Swinject" */ = {
			isa = XCRemoteSwiftPackageReference;
			repositoryURL = "https://github.com/Swinject/Swinject.git";
			requirement = {
				kind = upToNextMajorVersion;
				minimumVersion = 2.9.1;
			};
		};
		FAC084002C95BEF50029E622 /* XCRemoteSwiftPackageReference "SnapKit" */ = {
			isa = XCRemoteSwiftPackageReference;
			repositoryURL = "https://github.com/SnapKit/SnapKit";
			requirement = {
				kind = upToNextMajorVersion;
				minimumVersion = 5.7.1;
			};
		};
/* End XCRemoteSwiftPackageReference section */

/* Begin XCSwiftPackageProductDependency section */
		FAA85BE42C95DED100296B7F /* Alamofire */ = {
			isa = XCSwiftPackageProductDependency;
			package = FAA85BE32C95DED100296B7F /* XCRemoteSwiftPackageReference "Alamofire" */;
			productName = Alamofire;
		};
		FAA85BE72C95DF3E00296B7F /* Swinject */ = {
			isa = XCSwiftPackageProductDependency;
			package = FAA85BE62C95DF3E00296B7F /* XCRemoteSwiftPackageReference "Swinject" */;
			productName = Swinject;
		};
		FAC084012C95BEF50029E622 /* SnapKit */ = {
			isa = XCSwiftPackageProductDependency;
			package = FAC084002C95BEF50029E622 /* XCRemoteSwiftPackageReference "SnapKit" */;
			productName = SnapKit;
		};
/* End XCSwiftPackageProductDependency section */
	};
	rootObject = FA21C3B02C8DFA9500BFE805 /* Project object */;
}
